{
    "_meta": {
        "hash": {
            "sha256": "04112401eeb790a3695a48daf7dfab55192398bd7531d630c524271e0d93af36"
        },
        "pipfile-spec": 6,
        "requires": {
            "python_version": "3.7"
        },
        "sources": [
            {
                "name": "pypi",
                "url": "https://pypi.org/simple",
                "verify_ssl": true
            }
        ]
    },
    "default": {},
    "develop": {
        "attrs": {
            "hashes": [
                "sha256:26b54ddbbb9ee1d34d5d3668dd37d6cf74990ab23c828c2888dccdceee395594",
                "sha256:fce7fc47dfc976152e82d53ff92fa0407700c21acd20886a13777a0d20e655dc"
            ],
            "markers": "python_version >= '2.7' and python_version not in '3.0, 3.1, 3.2, 3.3'",
            "version": "==20.2.0"
        },
        "aws-cdk-aws-route53": {
            "hashes": [
                "sha256:63ecae3149dd3359600fd41372b9020008a8895c6d60312d116607966c9694cb",
                "sha256:68a8433a0b9b07253b93871466773492385734e06c1e0e3dc627b2704ae4e15d"
            ],
            "index": "pypi",
            "version": "==1.67.0"
        },
        "aws-cdk-aws-route53-targets": {
            "hashes": [
                "sha256:4e21fe53299b3deef33c894539dc0d3ff7894ae5712470432b34864cc1269e3a",
                "sha256:9a8a90b0235f3212bb7961b2655dc4e76304331cda573108c2914297b02f106e"
            ],
            "index": "pypi",
            "version": "==1.67.0"
        },
        "aws-cdk-aws-s3": {
            "hashes": [
                "sha256:56466d058abfce4472ffcb85fc7c70350b83a6dc120a174de7f10154c5fa3788",
                "sha256:76f9fbb681b15049d668894cf876165322a1f53a47775be7edfae3a9643544c4"
            ],
            "index": "pypi",
            "version": "==1.67.0"
        },
        "aws-cdk-aws-sns": {
            "hashes": [
                "sha256:d0e9a04b07c58aee1e9c1b249337a2b6299821e193f09516d9823b704dcf012d",
                "sha256:d52f1151366bd6f0b8b3ac5cfe3c5241b5fdade8fa8fa82de6a3ab24290d188f"
            ],
            "index": "pypi",
            "version": "==1.67.0"
        },
        "aws-cdk-core": {
            "hashes": [
                "sha256:5c36f41cb689519cc095719cf8ae4887691d97a72d55e42116b3f16777040a67",
                "sha256:c93f9aeeea9354903d65cef7b3a3dd8c864ce12b007763977c5af912787dafe9"
            ],
            "index": "pypi",
            "version": "==1.67.0"
        },
        "aws-cdk.assets": {
            "hashes": [
                "sha256:7e3968762c4cfab44ec81abc5c1d62fbb4a14818adabfb636c865c88ec1866a4",
                "sha256:c1844e90cb2b44339caf185c17cc2ac95cbceb5b4985cada2caf6280cd81ed98"
            ],
            "markers": "python_version >= '3.6'",
            "version": "==1.67.0"
        },
        "aws-cdk.aws-apigateway": {
            "hashes": [
                "sha256:49fa9431bb73e868e136f59e2ca3d7447b6957d3af1698c46614e13042e93cf1",
                "sha256:aaae3bbc701fcc2423991b371d94d6ec1be08f0c080ab79973223a13ba92093a"
            ],
            "markers": "python_version >= '3.6'",
            "version": "==1.67.0"
        },
        "aws-cdk.aws-applicationautoscaling": {
            "hashes": [
                "sha256:962ec61ccbf88d21530cfdd7083d83d4f0be237a6306dce4745f41f9916289d5",
                "sha256:f61bbf113ecbdf5ca5a471d036cb5a025776479e337bebb0900c4d041bcb2ee1"
            ],
            "markers": "python_version >= '3.6'",
            "version": "==1.67.0"
        },
        "aws-cdk.aws-autoscaling-common": {
            "hashes": [
                "sha256:334dbe9832fcb2892a66ebeada48ac4ba35367a4bdd61d61b298fc4fd36e133c",
                "sha256:3ebb0f981190e8cb360315480c55541169a76b41c941969cda6fa80f3f6ef4ac"
            ],
            "markers": "python_version >= '3.6'",
            "version": "==1.67.0"
        },
        "aws-cdk.aws-certificatemanager": {
            "hashes": [
                "sha256:449c83bc88c139b09261632565becf7e3c483978514b867d8195eda53b627315",
                "sha256:54c97440d0523dad7b7476344ef5f508baabeb0200382fc608496d937961aec9"
            ],
            "markers": "python_version >= '3.6'",
            "version": "==1.67.0"
        },
        "aws-cdk.aws-cloudformation": {
            "hashes": [
                "sha256:48c52489ff56b7fcdff59ab94921bf2c458168043256f9b9876c8cd669c250bd",
                "sha256:4b0a44998e0140efa80ef92a647b65c353940101afba2200e3b9356972b7d55a"
            ],
            "markers": "python_version >= '3.6'",
            "version": "==1.67.0"
        },
        "aws-cdk.aws-cloudfront": {
            "hashes": [
                "sha256:4b3ec3c8fb45702445c308fa78a3645268cc314fa0fa3e834bae2623494d88d3",
                "sha256:f73104039395b33d53dc8f708942a595de2450f53ffc9500d770cc7f8928a8f9"
            ],
            "markers": "python_version >= '3.6'",
            "version": "==1.67.0"
        },
        "aws-cdk.aws-cloudwatch": {
            "hashes": [
                "sha256:cadc5cf54d49419f549cf3b3f753e826b9dbc3090aeb65c5d1c615aeff44f8c4",
                "sha256:e079d9ff5c7907e36e9fb690cccaf9871f9cdfba9977c1074c22c135fca71598"
            ],
            "markers": "python_version >= '3.6'",
            "version": "==1.67.0"
        },
        "aws-cdk.aws-codeguruprofiler": {
            "hashes": [
                "sha256:1535765a327105118df3d4e2814b5a3e15dcd531be2e269bfd53572af067662f",
                "sha256:29a782c959fd51250bc23fc40519d09dbf9aa88a2c621450362dcf8bab2311e5"
            ],
            "markers": "python_version >= '3.6'",
            "version": "==1.67.0"
        },
        "aws-cdk.aws-cognito": {
            "hashes": [
                "sha256:809d6af2e2f87743db81d78ba2bac22123a4c325bd4459cb30e594f04002edbb",
                "sha256:dc2a4e0fa8a4d61a1d2b91d520688051b749e33705128a678e65fdbb7be26d93"
            ],
            "markers": "python_version >= '3.6'",
            "version": "==1.67.0"
        },
        "aws-cdk.aws-ec2": {
            "hashes": [
                "sha256:3e7e608e80e4c3f1b2033e05be616bafd500d4c244d0adac5f23a3f5ead54b8b",
                "sha256:89807dd44833d7c495cf00cf5ca633c5cd2f908d1430440f350749455617c65e"
            ],
            "markers": "python_version >= '3.6'",
            "version": "==1.67.0"
        },
        "aws-cdk.aws-efs": {
            "hashes": [
                "sha256:4617eb0c1cfb530bf3d7ca59547aca5dd26762babc0ce0d58dfd80c0198ecc15",
                "sha256:93318f6d6e53ec378e23b24a57e0d2c14f2da9d602a7b44f0ff9fd07a099e4a4"
            ],
            "markers": "python_version >= '3.6'",
            "version": "==1.67.0"
        },
        "aws-cdk.aws-elasticloadbalancing": {
            "hashes": [
                "sha256:18d9583093ececb5270c3dcbc6d3e387d0ec8e84980323663e9eb1e61e67fbd6",
                "sha256:381805968b1dac112427e948f7c0af1253b02950cf2676ef5341a1e514497d91"
            ],
            "markers": "python_version >= '3.6'",
            "version": "==1.67.0"
        },
        "aws-cdk.aws-elasticloadbalancingv2": {
            "hashes": [
                "sha256:140526d703f959992e8f802387d268915a4bcb0786189b0054d5fa709abd73d4",
                "sha256:8f51b279300657dc150945b6092f21b0206e1eb2e5d2edbe3607dcade270f022"
            ],
            "markers": "python_version >= '3.6'",
            "version": "==1.67.0"
        },
        "aws-cdk.aws-events": {
            "hashes": [
                "sha256:51eea2762d7be88108602d37caf7d06316b3c891994974a61d40ab7c555012ed",
                "sha256:618dcbfd89e0308a9ba03ae581ec70e50ad4c6dad8bb364de7a804caad14ce2f"
            ],
            "markers": "python_version >= '3.6'",
            "version": "==1.67.0"
        },
        "aws-cdk.aws-iam": {
            "hashes": [
                "sha256:2933f6f9a6eaefabb584d7cfef6911e51047294d9957569d9aedd436367225e1",
                "sha256:8de89035b27cef3531ba33fdce594f8d71cfa456b9ec6f303ff3eeb7bea55d27"
            ],
            "markers": "python_version >= '3.6'",
            "version": "==1.67.0"
        },
        "aws-cdk.aws-kms": {
            "hashes": [
                "sha256:1fd2c6fca70a4d65745fde21f66e13608aec9dd3afbc487b5617c228ffa977e5",
                "sha256:c230df81d1f50d60f7b940513c07b9ae9b667d084d9f176d5366d0bcb54b1b46"
            ],
            "markers": "python_version >= '3.6'",
            "version": "==1.67.0"
        },
        "aws-cdk.aws-lambda": {
            "hashes": [
                "sha256:0fa193ea36eefac7f540d1dda270acf8ac96a0ada4620cfb9cd84039c250e255",
                "sha256:b5df793aec3bfdded718f77219c1a01d2bbd385d9b0afcb550fc221c483e3aa4"
            ],
            "markers": "python_version >= '3.6'",
            "version": "==1.67.0"
        },
        "aws-cdk.aws-logs": {
            "hashes": [
                "sha256:19949b2a45b529f412487715c3b9c41dbea1ccdfaf6ed1601dc00a8fb3642255",
                "sha256:a72425e3c773cc243cb1bd63457f54864f9280a93380fc42eaaa2fc54399ddb1"
            ],
            "markers": "python_version >= '3.6'",
            "version": "==1.67.0"
        },
        "aws-cdk.aws-route53": {
            "hashes": [
                "sha256:63ecae3149dd3359600fd41372b9020008a8895c6d60312d116607966c9694cb",
                "sha256:68a8433a0b9b07253b93871466773492385734e06c1e0e3dc627b2704ae4e15d"
            ],
            "index": "pypi",
            "markers": "python_version >= '3.6'",
            "version": "==1.67.0"
        },
        "aws-cdk.aws-s3": {
            "hashes": [
                "sha256:56466d058abfce4472ffcb85fc7c70350b83a6dc120a174de7f10154c5fa3788",
                "sha256:76f9fbb681b15049d668894cf876165322a1f53a47775be7edfae3a9643544c4"
            ],
            "index": "pypi",
            "markers": "python_version >= '3.6'",
            "version": "==1.67.0"
        },
        "aws-cdk.aws-s3-assets": {
            "hashes": [
                "sha256:c4023235e000feee724e65a0a5d0cd9bc0fe3578da1ed45c0d43ac86e818b8de",
                "sha256:f5b11f6d456835c86ca5a07a51f4638ebcb76e879b6e5b328cb4f3611216f161"
            ],
            "markers": "python_version >= '3.6'",
            "version": "==1.67.0"
        },
        "aws-cdk.aws-sns": {
            "hashes": [
                "sha256:d0e9a04b07c58aee1e9c1b249337a2b6299821e193f09516d9823b704dcf012d",
                "sha256:d52f1151366bd6f0b8b3ac5cfe3c5241b5fdade8fa8fa82de6a3ab24290d188f"
            ],
            "index": "pypi",
            "markers": "python_version >= '3.6'",
            "version": "==1.67.0"
        },
        "aws-cdk.aws-sqs": {
            "hashes": [
                "sha256:4f49943f9acb4552d8d45a1cd4ace15ab55028ba2889e99ced22fb36deb7e8be",
                "sha256:f40c90a0452709c14813f8bf51c1366fe048d8d1a05a7b73e939fc68d1d4c1b3"
            ],
            "markers": "python_version >= '3.6'",
            "version": "==1.67.0"
        },
        "aws-cdk.aws-ssm": {
            "hashes": [
                "sha256:30df5e96b37e786df205006bf37232bc5f23de465c6f842ff172b70db888b556",
                "sha256:cde37d653b46b39357e4af25565ef2a4c4f61fefb8ac06c45c5baee2c9311de4"
            ],
            "markers": "python_version >= '3.6'",
            "version": "==1.67.0"
        },
        "aws-cdk.cloud-assembly-schema": {
            "hashes": [
                "sha256:329dac94f697c586e0022d5ede39b7f410b4c1fbfd509f0025900e846e0aa214",
                "sha256:c1a38c31ac9ade38805970c4b0f5927d987db53d7bb7919c0ec61debb1f92623"
            ],
            "markers": "python_version >= '3.6'",
            "version": "==1.67.0"
        },
        "aws-cdk.core": {
            "hashes": [
                "sha256:5c36f41cb689519cc095719cf8ae4887691d97a72d55e42116b3f16777040a67",
                "sha256:c93f9aeeea9354903d65cef7b3a3dd8c864ce12b007763977c5af912787dafe9"
            ],
            "index": "pypi",
            "markers": "python_version >= '3.6'",
            "version": "==1.67.0"
        },
        "aws-cdk.custom-resources": {
            "hashes": [
                "sha256:a022e9374857582120f70295cccb92ffc7c060e415161875e18a73bd26798545",
                "sha256:c61a5d9f5a23babd76004480f9fa2556996f017f7610929e9acea8066fddb40c"
            ],
            "markers": "python_version >= '3.6'",
            "version": "==1.67.0"
        },
        "aws-cdk.cx-api": {
            "hashes": [
                "sha256:c0e0840e0a9beae7bc2711eb59875a52883e38e36d1149842afa53e3899d5c16",
                "sha256:f519a089abd1dc6b838b31a72b9a5b23a2950b0ab774220ebd75c76fb4d6f524"
            ],
            "markers": "python_version >= '3.6'",
            "version": "==1.67.0"
        },
        "aws-cdk.region-info": {
            "hashes": [
                "sha256:65e3cc641c3ce9e998939012e73f50be9c5002df53f3fc6f3ab68072f4f3a50e",
                "sha256:be0cfe8ee7623f1a70ce15a2309e5335af74bb60d3a79fd7031fac093fbf8fdb"
            ],
            "markers": "python_version >= '3.6'",
            "version": "==1.67.0"
        },
        "cattrs": {
            "hashes": [
                "sha256:616972ae3dfa6e623a40ad3cb845420e64942989152774ab055e5c2b2f89f997",
                "sha256:b7ab5cf8ad127c42eefd01410c1c6e28569a45a255ea80ed968511873c433c7a"
            ],
            "version": "==1.0.0"
        },
        "constructs": {
            "hashes": [
                "sha256:44de64911f45cdd6ebc14625acb08f45388319603c9a50d3f0057d6f468767a6",
                "sha256:ae67feb1bdfcbee04a80ed0a776771a0ec7c938d37a401f4f9b2d1dc294b802d"
            ],
            "markers": "python_version >= '3.6'",
            "version": "==3.0.8"
        },
        "jsii": {
            "hashes": [
                "sha256:255ed3539e507f70db00d06339994667801231f9e7312b86e8f695350621ac8a",
                "sha256:e6f4e4daa2f262044d09a39224dd8fedcda2cd6cc917a8f39fafa43c09e9e57d"
            ],
            "markers": "python_version >= '3.6'",
            "version": "==1.13.0"
        },
        "publication": {
            "hashes": [
                "sha256:0248885351febc11d8a1098d5c8e3ab2dabcf3e8c0c96db1e17ecd12b53afbe6",
                "sha256:68416a0de76dddcdd2930d1c8ef853a743cc96c82416c4e4d3b5d901c6276dc4"
            ],
            "version": "==0.0.3"
        },
        "python-dateutil": {
            "hashes": [
                "sha256:73ebfe9dbf22e832286dafa60473e4cd239f8592f699aa5adaf10050e6e1823c",
                "sha256:75bb3f31ea686f1197762692a9ee6a7550b59fc6ca3a1f4b5d7e32fb98e2da2a"
            ],
            "markers": "python_version >= '2.7' and python_version not in '3.0, 3.1, 3.2'",
            "version": "==2.8.1"
        },
        "six": {
            "hashes": [
                "sha256:30639c035cdb23534cd4aa2dd52c3bf48f06e5f4a941509c8bafd8ce11080259",
                "sha256:8b74bedcbbbaca38ff6d7491d76f2b06b3592611af620f8426e82dddb04a5ced"
            ],
            "markers": "python_version >= '2.7' and python_version not in '3.0, 3.1, 3.2'",
            "version": "==1.15.0"
        },
        "typing-extensions": {
            "hashes": [
                "sha256:7cb407020f00f7bfc3cb3e7881628838e69d8f3fcab2f64742a5e76b2f841918",
                "sha256:99d4073b617d30288f569d3f13d2bd7548c3a7e4c8de87db09a9d29bb3a4a60c",
                "sha256:dafc7639cde7f1b6e1acc0f457842a83e722ccca8eef5270af2d74792619a89f"
            ],
            "version": "==3.7.4.3"
        }
    }
}
