{
    "_meta": {
        "hash": {
            "sha256": "701338e3306b27003dbfe60203c3162c3513dbdcd519d90557c505d40c38bb98"
        },
        "pipfile-spec": 6,
        "requires": {
            "python_version": "3.7"
        },
        "sources": [
            {
                "name": "pypi",
                "url": "https://pypi.org/simple",
                "verify_ssl": true
            }
        ]
    },
    "default": {},
    "develop": {
        "attrs": {
            "hashes": [
                "sha256:26b54ddbbb9ee1d34d5d3668dd37d6cf74990ab23c828c2888dccdceee395594",
                "sha256:fce7fc47dfc976152e82d53ff92fa0407700c21acd20886a13777a0d20e655dc"
            ],
            "markers": "python_version >= '2.7' and python_version not in '3.0, 3.1, 3.2, 3.3'",
            "version": "==20.2.0"
        },
        "aws-cdk-aws-s3": {
            "hashes": [
                "sha256:e96157c0cef0dc94dcd0842ca047d9a4be8057e148dc54c4b6e1e861665fb6cf",
                "sha256:ff53dec28d952d9811b00b3ec25d8f0c7ac0ae88ecb569b79af321a58ef4a19a"
            ],
            "index": "pypi",
            "version": "==1.66.0"
        },
        "aws-cdk-core": {
            "hashes": [
                "sha256:47f412e63051b895b420445b7ab85e337226aed4b962e3b939f1d5dde7f8e054",
                "sha256:afaa6019b163da00256314cae447049f8063c91ec4a77fa16829a5297a23f816"
            ],
            "index": "pypi",
            "version": "==1.66.0"
        },
        "aws-cdk.aws-events": {
            "hashes": [
                "sha256:8c4c3ccb3a79c3da5b1fb03683b77349d33b3fdee7daf436d00a183df837c528",
                "sha256:8c593510fbd38a4f9690eb5af5ed74a3ad81f04d42fba5c633839027828b2ff2"
            ],
            "markers": "python_version >= '3.6'",
            "version": "==1.66.0"
        },
        "aws-cdk.aws-iam": {
            "hashes": [
                "sha256:242ca49135411b1dba2070cd675d65ebc88d9506597c8fb4d65d22d86d9268bb",
                "sha256:2c3e326b29b1a6f88fee032dbb3b874e1dfa0c7559a0cf3b65b52c78aa243604"
            ],
            "markers": "python_version >= '3.6'",
            "version": "==1.66.0"
        },
        "aws-cdk.aws-kms": {
            "hashes": [
                "sha256:46f3f3cd4cf72223cf2eb67c27ec969859aa47e2963fea5c847ee7f77cab9736",
                "sha256:ba3ce8ee191be89aeced0ae702bd783d6aa75044e6f483f1a9d203a1d3df33d8"
            ],
            "markers": "python_version >= '3.6'",
            "version": "==1.66.0"
        },
        "aws-cdk.cloud-assembly-schema": {
            "hashes": [
                "sha256:311f33b34a96cc93e76fc4b04ebfe3c18b1bd37873f2b179a18f3bdb38e6a06e",
                "sha256:65da357509e04c0f363cc7f1627d27acc52311aa9bb113550893d947740d7f69"
            ],
            "markers": "python_version >= '3.6'",
            "version": "==1.66.0"
        },
        "aws-cdk.core": {
            "hashes": [
                "sha256:47f412e63051b895b420445b7ab85e337226aed4b962e3b939f1d5dde7f8e054",
                "sha256:afaa6019b163da00256314cae447049f8063c91ec4a77fa16829a5297a23f816"
            ],
            "index": "pypi",
            "markers": "python_version >= '3.6'",
            "version": "==1.66.0"
        },
        "aws-cdk.cx-api": {
            "hashes": [
                "sha256:447900c31f6cf589998f4b70992fa51d4be965da2be4a9f71185ec7ecde57664",
                "sha256:6094b1f767e22f91b31a23d2ca2f15ea2aea44448d4aa2007b2bf531c28f9848"
            ],
            "markers": "python_version >= '3.6'",
            "version": "==1.66.0"
        },
        "aws-cdk.region-info": {
            "hashes": [
                "sha256:acc3ab83ac48acd79e9625d79b93b83413e7afc1d334859e7fe85628cc00689f",
                "sha256:af8bfb48e24a7fb053a751c260e33da878a7a7f194e2c30af330261be99b387c"
            ],
            "markers": "python_version >= '3.6'",
            "version": "==1.66.0"
        },
        "cattrs": {
            "hashes": [
                "sha256:616972ae3dfa6e623a40ad3cb845420e64942989152774ab055e5c2b2f89f997",
                "sha256:b7ab5cf8ad127c42eefd01410c1c6e28569a45a255ea80ed968511873c433c7a"
            ],
            "version": "==1.0.0"
        },
        "constructs": {
            "hashes": [
                "sha256:4164c37776411224e9ee089d4505993a09004f5de60f6deed5505ce450e24bc2",
                "sha256:beb64e5404802f360b27ffac5a24dcd30569be7f2bc7e893e669883bcbc2ec41"
            ],
            "markers": "python_version >= '3.6'",
            "version": "==3.0.7"
        },
        "jsii": {
            "hashes": [
                "sha256:255ed3539e507f70db00d06339994667801231f9e7312b86e8f695350621ac8a",
                "sha256:e6f4e4daa2f262044d09a39224dd8fedcda2cd6cc917a8f39fafa43c09e9e57d"
            ],
            "markers": "python_version >= '3.6'",
            "version": "==1.13.0"
        },
        "publication": {
            "hashes": [
                "sha256:0248885351febc11d8a1098d5c8e3ab2dabcf3e8c0c96db1e17ecd12b53afbe6",
                "sha256:68416a0de76dddcdd2930d1c8ef853a743cc96c82416c4e4d3b5d901c6276dc4"
            ],
            "version": "==0.0.3"
        },
        "python-dateutil": {
            "hashes": [
                "sha256:73ebfe9dbf22e832286dafa60473e4cd239f8592f699aa5adaf10050e6e1823c",
                "sha256:75bb3f31ea686f1197762692a9ee6a7550b59fc6ca3a1f4b5d7e32fb98e2da2a"
            ],
            "markers": "python_version >= '2.7' and python_version not in '3.0, 3.1, 3.2'",
            "version": "==2.8.1"
        },
        "six": {
            "hashes": [
                "sha256:30639c035cdb23534cd4aa2dd52c3bf48f06e5f4a941509c8bafd8ce11080259",
                "sha256:8b74bedcbbbaca38ff6d7491d76f2b06b3592611af620f8426e82dddb04a5ced"
            ],
            "markers": "python_version >= '2.7' and python_version not in '3.0, 3.1, 3.2'",
            "version": "==1.15.0"
        },
        "typing-extensions": {
            "hashes": [
                "sha256:7cb407020f00f7bfc3cb3e7881628838e69d8f3fcab2f64742a5e76b2f841918",
                "sha256:99d4073b617d30288f569d3f13d2bd7548c3a7e4c8de87db09a9d29bb3a4a60c",
                "sha256:dafc7639cde7f1b6e1acc0f457842a83e722ccca8eef5270af2d74792619a89f"
            ],
            "version": "==3.7.4.3"
        }
    }
}
